
Microsoft Visual Studio Solution File, Format Version 12.00
# Visual Studio 15
VisualStudioVersion = 15.0.28307.489
MinimumVisualStudioVersion = 10.0.40219.1
Project("{FAE04EC0-301F-11D3-BF4B-00C04F79EFBC}") = "SalesWwebMvc", "SalesWwebMvc\SalesWwebMvc.csproj", "{C23A2025-5648-4D42-BC3D-3F3824D7309D}"
EndProject
Global
	GlobalSection(SolutionConfigurationPlatforms) = preSolution
		Debug|Any CPU = Debug|Any CPU
		Release|Any CPU = Release|Any CPU
	EndGlobalSection
	GlobalSection(ProjectConfigurationPlatforms) = postSolution
		{C23A2025-5648-4D42-BC3D-3F3824D7309D}.Debug|Any CPU.ActiveCfg = Debug|Any CPU
		{C23A2025-5648-4D42-BC3D-3F3824D7309D}.Debug|Any CPU.Build.0 = Debug|Any CPU
		{C23A2025-5648-4D42-BC3D-3F3824D7309D}.Release|Any CPU.ActiveCfg = Release|Any CPU
		{C23A2025-5648-4D42-BC3D-3F3824D7309D}.Release|Any CPU.Build.0 = Release|Any CPU
	EndGlobalSection
	GlobalSection(SolutionProperties) = preSolution
		HideSolutionNode = FALSE
	EndGlobalSection
	GlobalSection(ExtensibilityGlobals) = postSolution
		SolutionGuid = {4DEB679F-7075-4A2F-B8CC-1381736B5C48}
	EndGlobalSection
EndGlobal
